
Microsoft Visual Studio Solution File, Format Version 12.00
# Visual Studio Version 17
VisualStudioVersion = 17.9.34622.214
MinimumVisualStudioVersion = 10.0.40219.1
Project("{FAE04EC0-301F-11D3-BF4B-00C04F79EFBC}") = "OldStyleApplication", "OldStyleApplication\OldStyleApplication.csproj", "{F51B0C98-FD23-46F2-B20A-A55B3549B3EE}"
EndProject
Global
	GlobalSection(SolutionConfigurationPlatforms) = preSolution
		Debug|Any CPU = Debug|Any CPU
		Release|Any CPU = Release|Any CPU
	EndGlobalSection
	GlobalSection(ProjectConfigurationPlatforms) = postSolution
		{F51B0C98-FD23-46F2-B20A-A55B3549B3EE}.Debug|Any CPU.ActiveCfg = Debug|Any CPU
		{F51B0C98-FD23-46F2-B20A-A55B3549B3EE}.Debug|Any CPU.Build.0 = Debug|Any CPU
		{F51B0C98-FD23-46F2-B20A-A55B3549B3EE}.Release|Any CPU.ActiveCfg = Release|Any CPU
		{F51B0C98-FD23-46F2-B20A-A55B3549B3EE}.Release|Any CPU.Build.0 = Release|Any CPU
	EndGlobalSection
	GlobalSection(SolutionProperties) = preSolution
		HideSolutionNode = FALSE
	EndGlobalSection
	GlobalSection(ExtensibilityGlobals) = postSolution
		SolutionGuid = {B980BBCC-3854-4CBF-A879-28E0FAF810B1}
	EndGlobalSection
EndGlobal
